{
  "version": 4,
  "terraform_version": "1.5.7",
  "serial": 5,
  "lineage": "c62cb182-8012-cd70-f4b5-d428e8747bdc",
  "outputs": {},
  "resources": [
    {
      "mode": "managed",
      "type": "google_compute_instance",
      "name": "vm_instance",
      "provider": "provider[\"registry.terraform.io/hashicorp/google\"]",
      "instances": [
        {
          "schema_version": 6,
          "attributes": {
            "advanced_machine_features": [],
            "allow_stopping_for_update": null,
            "attached_disk": [],
            "boot_disk": [
              {
                "auto_delete": true,
                "device_name": "persistent-disk-0",
                "disk_encryption_key_raw": "",
                "disk_encryption_key_rsa": "",
                "disk_encryption_key_sha256": "",
                "disk_encryption_service_account": "",
                "force_attach": false,
                "guest_os_features": [
                  "UEFI_COMPATIBLE",
                  "VIRTIO_SCSI_MULTIQUEUE",
                  "GVNIC"
                ],
                "initialize_params": [
                  {
                    "architecture": "X86_64",
                    "enable_confidential_compute": false,
                    "image": "https://www.googleapis.com/compute/v1/projects/debian-cloud/global/images/debian-11-bullseye-v20260310",
                    "labels": {},
                    "provisioned_iops": 0,
                    "provisioned_throughput": 0,
                    "resource_manager_tags": null,
                    "resource_policies": [],
                    "size": 10,
                    "snapshot": "",
                    "source_image_encryption_key": [],
                    "source_snapshot_encryption_key": [],
                    "storage_pool": "",
                    "type": "pd-standard"
                  }
                ],
                "interface": "",
                "kms_key_self_link": "",
                "mode": "READ_WRITE",
                "source": "https://www.googleapis.com/compute/v1/projects/project-8764f0f9-aae2-4dbc-a4f/zones/us-central1-a/disks/docker-vm"
              }
            ],
            "can_ip_forward": false,
            "confidential_instance_config": [],
            "cpu_platform": "Intel Broadwell",
            "creation_timestamp": "2026-03-20T11:48:52.727-07:00",
            "current_status": "RUNNING",
            "deletion_protection": false,
            "description": "",
            "desired_status": null,
            "effective_labels": {
              "goog-terraform-provisioned": "true"
            },
            "enable_display": false,
            "guest_accelerator": [],
            "hostname": "",
            "id": "projects/project-8764f0f9-aae2-4dbc-a4f/zones/us-central1-a/instances/docker-vm",
            "instance_encryption_key": [],
            "instance_id": "2570118251292928123",
            "key_revocation_action_type": "",
            "label_fingerprint": "vezUS-42LLM=",
            "labels": null,
            "machine_type": "e2-micro",
            "metadata": {
              "ssh-keys": "johnskagos:ssh-rsa AAAAB3NzaC1yc2EAAAADAQABAAABgQDmJzrBz90qK8ai8ZzGKEXSbLHT75clXzXRNXJPOmwrh4yRKY60hrD9kcKZUsfjZWuW+kCLzCCWXfU+mX27KHcmAIVg8Q0AayHhjNK4L0QnTxMyyVvXcWthGZLJY61hREELndWG7A25Ul42yioNNR8xyCQSUFG0lVRACA70tBJ6wdvE2JQ5uwllMvjc0ptLLLxoBH+gG7kKBfVnGUMnAiDaZqcF5e9OpJEcLMXC6kKgPrPOQouuUYhTmSgKL0xbGDwYlh+5Q1LlF4Xz1L29+epapDATizxyZAfC36z1o++VqG+K6cp3Bz17qDTsejx0Mhl/RFcCAc7NwwRrOOXygmnhc+/XBSG8tgkF29JpfHdMLNsWetLDcLmsVBoanszHSPCeoOsPf2drkco3iOUJEuKdZ2sS4qsrhEs1RQ0HskOQjMshxmUncoUi/oZCdswBWrjU4dAOfWYMfu7FYcE1rt5ZTKHSgjEksvP6LjlgwtejY4E/2lHj2c29YjRfWYu8jEU= johnskagos@cs-866325710228-default\n"
            },
            "metadata_fingerprint": "uGpc8kTG2ZA=",
            "metadata_startup_script": null,
            "min_cpu_platform": "",
            "name": "docker-vm",
            "network_interface": [
              {
                "access_config": [
                  {
                    "nat_ip": "34.57.183.240",
                    "network_tier": "PREMIUM",
                    "public_ptr_domain_name": ""
                  }
                ],
                "alias_ip_range": [],
                "igmp_query": "",
                "internal_ipv6_prefix_length": 0,
                "ipv6_access_config": [],
                "ipv6_access_type": "",
                "ipv6_address": "",
                "name": "nic0",
                "network": "https://www.googleapis.com/compute/v1/projects/project-8764f0f9-aae2-4dbc-a4f/global/networks/default",
                "network_attachment": "",
                "network_ip": "10.128.0.4",
                "nic_type": "",
                "parent_nic_name": "",
                "queue_count": 0,
                "stack_type": "IPV4_ONLY",
                "subnetwork": "https://www.googleapis.com/compute/v1/projects/project-8764f0f9-aae2-4dbc-a4f/regions/us-central1/subnetworks/default",
                "subnetwork_project": "project-8764f0f9-aae2-4dbc-a4f",
                "vlan": 0
              }
            ],
            "network_performance_config": [],
            "params": [],
            "project": "project-8764f0f9-aae2-4dbc-a4f",
            "reservation_affinity": [],
            "resource_policies": null,
            "scheduling": [
              {
                "automatic_restart": true,
                "availability_domain": 0,
                "instance_termination_action": "",
                "local_ssd_recovery_timeout": [],
                "max_run_duration": [],
                "min_node_cpus": 0,
                "node_affinities": [],
                "on_host_maintenance": "MIGRATE",
                "on_instance_stop_action": [],
                "preemptible": false,
                "provisioning_model": "STANDARD",
                "termination_time": ""
              }
            ],
            "scratch_disk": [],
            "self_link": "https://www.googleapis.com/compute/v1/projects/project-8764f0f9-aae2-4dbc-a4f/zones/us-central1-a/instances/docker-vm",
            "service_account": [],
            "shielded_instance_config": [
              {
                "enable_integrity_monitoring": true,
                "enable_secure_boot": false,
                "enable_vtpm": true
              }
            ],
            "tags": [
              "http-server",
              "https-server"
            ],
            "tags_fingerprint": "6smc4R4d39I=",
            "terraform_labels": {
              "goog-terraform-provisioned": "true"
            },
            "timeouts": null,
            "zone": "us-central1-a"
          },
          "sensitive_attributes": [],
          "private": "eyJlMmJmYjczMC1lY2FhLTExZTYtOGY4OC0zNDM2M2JjN2M0YzAiOnsiY3JlYXRlIjoxMjAwMDAwMDAwMDAwLCJkZWxldGUiOjEyMDAwMDAwMDAwMDAsInVwZGF0ZSI6MTIwMDAwMDAwMDAwMH0sInNjaGVtYV92ZXJzaW9uIjoiNiJ9"
        }
      ]
    }
  ],
  "check_results": null
}
